
Microsoft Visual Studio Solution File, Format Version 12.00
# Visual Studio Version 17
VisualStudioVersion = 17.5.002.0
MinimumVisualStudioVersion = 10.0.40219.1
Project("{9A19103F-16F7-4668-BE54-9A1E7A4F7556}") = "ExoticIslands_api", "ExoticIslands_api.csproj", "{519DCD55-253E-418A-8369-E42C718668AA}"
EndProject
Global
	GlobalSection(SolutionConfigurationPlatforms) = preSolution
		Debug|Any CPU = Debug|Any CPU
		Release|Any CPU = Release|Any CPU
	EndGlobalSection
	GlobalSection(ProjectConfigurationPlatforms) = postSolution
		{519DCD55-253E-418A-8369-E42C718668AA}.Debug|Any CPU.ActiveCfg = Debug|Any CPU
		{519DCD55-253E-418A-8369-E42C718668AA}.Debug|Any CPU.Build.0 = Debug|Any CPU
		{519DCD55-253E-418A-8369-E42C718668AA}.Release|Any CPU.ActiveCfg = Release|Any CPU
		{519DCD55-253E-418A-8369-E42C718668AA}.Release|Any CPU.Build.0 = Release|Any CPU
	EndGlobalSection
	GlobalSection(SolutionProperties) = preSolution
		HideSolutionNode = FALSE
	EndGlobalSection
	GlobalSection(ExtensibilityGlobals) = postSolution
		SolutionGuid = {918D5953-4DB9-4084-A509-1355E5337871}
	EndGlobalSection
EndGlobal
